
Microsoft Visual Studio Solution File, Format Version 12.00
# Visual Studio Version 17
VisualStudioVersion = 17.14.36109.1
MinimumVisualStudioVersion = 10.0.40219.1
Project("{F2A71F9B-5D33-465A-A702-920D77279786}") = "Common", "src\FSharp\Common\Common.fsproj", "{B18F4559-0D1E-37F7-1275-5B6E1B3669B1}"
EndProject
Project("{F2A71F9B-5D33-465A-A702-920D77279786}") = "Common.Tests", "src\FSharp\Common.Tests\Common.Tests.fsproj", "{2BDF145C-7296-ECC1-F030-E31C7D614861}"
EndProject
Project("{F2A71F9B-5D33-465A-A702-920D77279786}") = "Advent2024FSharp", "src\FSharp\Advent2024FSharp\Advent2024FSharp.fsproj", "{44FB6A14-AB22-7066-9931-FF23FE573495}"
EndProject
Project("{FAE04EC0-301F-11D3-BF4B-00C04F79EFBC}") = "Advent2024", "src\CSharp\Advent2024.csproj", "{6B384067-2A11-E8EC-47D6-60C96E7092C7}"
EndProject
Project("{2150E333-8FDC-42A3-9474-1A3956D46DE8}") = "CSharp", "CSharp", "{02EA681E-C7D8-13C7-8484-4AC65E1B71E8}"
EndProject
Project("{2150E333-8FDC-42A3-9474-1A3956D46DE8}") = "FSharp", "FSharp", "{69EA574C-8B2C-4150-9C20-B6A52D76E38C}"
EndProject
Global
	GlobalSection(SolutionConfigurationPlatforms) = preSolution
		Debug|Any CPU = Debug|Any CPU
		Release|Any CPU = Release|Any CPU
	EndGlobalSection
	GlobalSection(ProjectConfigurationPlatforms) = postSolution
		{B18F4559-0D1E-37F7-1275-5B6E1B3669B1}.Debug|Any CPU.ActiveCfg = Debug|Any CPU
		{B18F4559-0D1E-37F7-1275-5B6E1B3669B1}.Debug|Any CPU.Build.0 = Debug|Any CPU
		{B18F4559-0D1E-37F7-1275-5B6E1B3669B1}.Release|Any CPU.ActiveCfg = Release|Any CPU
		{B18F4559-0D1E-37F7-1275-5B6E1B3669B1}.Release|Any CPU.Build.0 = Release|Any CPU
		{2BDF145C-7296-ECC1-F030-E31C7D614861}.Debug|Any CPU.ActiveCfg = Debug|Any CPU
		{2BDF145C-7296-ECC1-F030-E31C7D614861}.Debug|Any CPU.Build.0 = Debug|Any CPU
		{2BDF145C-7296-ECC1-F030-E31C7D614861}.Release|Any CPU.ActiveCfg = Release|Any CPU
		{2BDF145C-7296-ECC1-F030-E31C7D614861}.Release|Any CPU.Build.0 = Release|Any CPU
		{44FB6A14-AB22-7066-9931-FF23FE573495}.Debug|Any CPU.ActiveCfg = Debug|Any CPU
		{44FB6A14-AB22-7066-9931-FF23FE573495}.Debug|Any CPU.Build.0 = Debug|Any CPU
		{44FB6A14-AB22-7066-9931-FF23FE573495}.Release|Any CPU.ActiveCfg = Release|Any CPU
		{44FB6A14-AB22-7066-9931-FF23FE573495}.Release|Any CPU.Build.0 = Release|Any CPU
		{6B384067-2A11-E8EC-47D6-60C96E7092C7}.Debug|Any CPU.ActiveCfg = Debug|Any CPU
		{6B384067-2A11-E8EC-47D6-60C96E7092C7}.Debug|Any CPU.Build.0 = Debug|Any CPU
		{6B384067-2A11-E8EC-47D6-60C96E7092C7}.Release|Any CPU.ActiveCfg = Release|Any CPU
		{6B384067-2A11-E8EC-47D6-60C96E7092C7}.Release|Any CPU.Build.0 = Release|Any CPU
	EndGlobalSection
	GlobalSection(SolutionProperties) = preSolution
		HideSolutionNode = FALSE
	EndGlobalSection
	GlobalSection(NestedProjects) = preSolution
		{B18F4559-0D1E-37F7-1275-5B6E1B3669B1} = {69EA574C-8B2C-4150-9C20-B6A52D76E38C}
		{2BDF145C-7296-ECC1-F030-E31C7D614861} = {69EA574C-8B2C-4150-9C20-B6A52D76E38C}
		{44FB6A14-AB22-7066-9931-FF23FE573495} = {69EA574C-8B2C-4150-9C20-B6A52D76E38C}
		{6B384067-2A11-E8EC-47D6-60C96E7092C7} = {02EA681E-C7D8-13C7-8484-4AC65E1B71E8}
	EndGlobalSection
	GlobalSection(ExtensibilityGlobals) = postSolution
		SolutionGuid = {7FEDC63E-63C9-42D4-AA7C-C00FFCDA08A6}
	EndGlobalSection
EndGlobal
