
Microsoft Visual Studio Solution File, Format Version 12.00
# Visual Studio Version 17
VisualStudioVersion = 17.13.35913.81
MinimumVisualStudioVersion = 10.0.40219.1
Project("{FAE04EC0-301F-11D3-BF4B-00C04F79EFBC}") = "Algorithms", "src\Algorithms\Algorithms.csproj", "{76E7FDCC-8ED3-4AA3-AF2B-9BF9A9348612}"
EndProject
Project("{2150E333-8FDC-42A3-9474-1A3956D46DE8}") = "Solution Items", "Solution Items", "{02EA681E-C7D8-13C7-8484-4AC65E1B71E8}"
	ProjectSection(SolutionItems) = preProject
		.editorconfig = .editorconfig
		Directory.Build.props = Directory.Build.props
		Directory.Packages.props = Directory.Packages.props
	EndProjectSection
EndProject
Project("{F2A71F9B-5D33-465A-A702-920D77279786}") = "Algorithms.FSharp", "src\Algorithms.FSharp\Algorithms.FSharp.fsproj", "{627075FB-F563-4A97-9606-9033849E086B}"
EndProject
Project("{F2A71F9B-5D33-465A-A702-920D77279786}") = "Common", "src\Common\Common.fsproj", "{DA370C13-7017-46A3-B91F-FD4950F873B7}"
EndProject
Project("{F2A71F9B-5D33-465A-A702-920D77279786}") = "Common.Tests", "src\Common.Tests\Common.Tests.fsproj", "{071BB586-5076-466A-8506-43FB058C98AB}"
EndProject
Project("{2150E333-8FDC-42A3-9474-1A3956D46DE8}") = "CSharp", "CSharp", "{BACD4562-A700-4E28-A1E6-8C73FB1588D8}"
EndProject
Project("{2150E333-8FDC-42A3-9474-1A3956D46DE8}") = "FSharp", "FSharp", "{AD8F4D47-DD6A-4AA8-817A-325114B15A99}"
EndProject
Project("{F2A71F9B-5D33-465A-A702-920D77279786}") = "Scratch", "src\Scratch\Scratch.fsproj", "{C71C95D2-2D0D-4A56-BAAB-D64C35FDF72B}"
EndProject
Global
	GlobalSection(SolutionConfigurationPlatforms) = preSolution
		Debug|Any CPU = Debug|Any CPU
		Release|Any CPU = Release|Any CPU
	EndGlobalSection
	GlobalSection(ProjectConfigurationPlatforms) = postSolution
		{76E7FDCC-8ED3-4AA3-AF2B-9BF9A9348612}.Debug|Any CPU.ActiveCfg = Debug|Any CPU
		{76E7FDCC-8ED3-4AA3-AF2B-9BF9A9348612}.Debug|Any CPU.Build.0 = Debug|Any CPU
		{76E7FDCC-8ED3-4AA3-AF2B-9BF9A9348612}.Release|Any CPU.ActiveCfg = Release|Any CPU
		{76E7FDCC-8ED3-4AA3-AF2B-9BF9A9348612}.Release|Any CPU.Build.0 = Release|Any CPU
		{627075FB-F563-4A97-9606-9033849E086B}.Debug|Any CPU.ActiveCfg = Debug|Any CPU
		{627075FB-F563-4A97-9606-9033849E086B}.Debug|Any CPU.Build.0 = Debug|Any CPU
		{627075FB-F563-4A97-9606-9033849E086B}.Release|Any CPU.ActiveCfg = Release|Any CPU
		{627075FB-F563-4A97-9606-9033849E086B}.Release|Any CPU.Build.0 = Release|Any CPU
		{DA370C13-7017-46A3-B91F-FD4950F873B7}.Debug|Any CPU.ActiveCfg = Debug|Any CPU
		{DA370C13-7017-46A3-B91F-FD4950F873B7}.Debug|Any CPU.Build.0 = Debug|Any CPU
		{DA370C13-7017-46A3-B91F-FD4950F873B7}.Release|Any CPU.ActiveCfg = Release|Any CPU
		{DA370C13-7017-46A3-B91F-FD4950F873B7}.Release|Any CPU.Build.0 = Release|Any CPU
		{071BB586-5076-466A-8506-43FB058C98AB}.Debug|Any CPU.ActiveCfg = Debug|Any CPU
		{071BB586-5076-466A-8506-43FB058C98AB}.Debug|Any CPU.Build.0 = Debug|Any CPU
		{071BB586-5076-466A-8506-43FB058C98AB}.Release|Any CPU.ActiveCfg = Release|Any CPU
		{071BB586-5076-466A-8506-43FB058C98AB}.Release|Any CPU.Build.0 = Release|Any CPU
		{C71C95D2-2D0D-4A56-BAAB-D64C35FDF72B}.Debug|Any CPU.ActiveCfg = Debug|Any CPU
		{C71C95D2-2D0D-4A56-BAAB-D64C35FDF72B}.Debug|Any CPU.Build.0 = Debug|Any CPU
		{C71C95D2-2D0D-4A56-BAAB-D64C35FDF72B}.Release|Any CPU.ActiveCfg = Release|Any CPU
		{C71C95D2-2D0D-4A56-BAAB-D64C35FDF72B}.Release|Any CPU.Build.0 = Release|Any CPU
	EndGlobalSection
	GlobalSection(SolutionProperties) = preSolution
		HideSolutionNode = FALSE
	EndGlobalSection
	GlobalSection(NestedProjects) = preSolution
		{76E7FDCC-8ED3-4AA3-AF2B-9BF9A9348612} = {BACD4562-A700-4E28-A1E6-8C73FB1588D8}
		{627075FB-F563-4A97-9606-9033849E086B} = {AD8F4D47-DD6A-4AA8-817A-325114B15A99}
		{DA370C13-7017-46A3-B91F-FD4950F873B7} = {AD8F4D47-DD6A-4AA8-817A-325114B15A99}
		{071BB586-5076-466A-8506-43FB058C98AB} = {AD8F4D47-DD6A-4AA8-817A-325114B15A99}
		{C71C95D2-2D0D-4A56-BAAB-D64C35FDF72B} = {AD8F4D47-DD6A-4AA8-817A-325114B15A99}
	EndGlobalSection
	GlobalSection(ExtensibilityGlobals) = postSolution
		SolutionGuid = {07B59878-1A46-42D9-B766-7E717C01F1DC}
	EndGlobalSection
EndGlobal
