
Microsoft Visual Studio Solution File, Format Version 12.00
# Visual Studio Version 17
VisualStudioVersion = 17.0.31903.59
MinimumVisualStudioVersion = 10.0.40219.1
Project("{2150E333-8FDC-42A3-9474-1A3956D46DE8}") = "src", "src", "{F5D9E5AC-4946-4DFD-A7BC-2E6C00DB70B1}"
EndProject
Project("{9A19103F-16F7-4668-BE54-9A1E7A4F7556}") = "Copernicus.WpfApp", "src\Copernicus.WpfApp\Copernicus.WpfApp.csproj", "{4D56A38E-7F29-4017-BEA7-A62C440087CB}"
EndProject
Project("{9A19103F-16F7-4668-BE54-9A1E7A4F7556}") = "Copernicus.Core", "src\Copernicus.Core\Copernicus.Core.csproj", "{21D81F25-9E67-4781-9131-4816E46AEF4F}"
EndProject
Project("{9A19103F-16F7-4668-BE54-9A1E7A4F7556}") = "Copernicus.Modules.SecurityMaster", "src\Copernicus.Modules.SecurityMaster\Copernicus.Modules.SecurityMaster.csproj", "{C4BE8EC3-AEA0-4002-A398-1A56D6C64A95}"
EndProject
Project("{9A19103F-16F7-4668-BE54-9A1E7A4F7556}") = "Copernicus.Modules.CorporateActions", "src\Copernicus.Modules.CorporateActions\Copernicus.Modules.CorporateActions.csproj", "{14921818-9DE1-46E9-9043-905772688F33}"
EndProject
Project("{9A19103F-16F7-4668-BE54-9A1E7A4F7556}") = "Copernicus.Modules.Pricing", "src\Copernicus.Modules.Pricing\Copernicus.Modules.Pricing.csproj", "{5F66B0F0-A468-4088-B4E2-94358B1AC3AF}"
EndProject
Project("{2150E333-8FDC-42A3-9474-1A3956D46DE8}") = "test", "test", "{DC97D27F-102C-43BE-86C2-9D5252B693B0}"
EndProject
Project("{9A19103F-16F7-4668-BE54-9A1E7A4F7556}") = "Copernicus.Core.UnitTest", "test\Copernicus.Core.UnitTest\Copernicus.Core.UnitTest.csproj", "{64AA781D-DC1E-4FE5-A8E2-F4EC39618B03}"
EndProject
Project("{9A19103F-16F7-4668-BE54-9A1E7A4F7556}") = "Copernicus.SecurityMaster.UnitTest", "test\Copernicus.SecurityMaster.UnitTest\Copernicus.SecurityMaster.UnitTest.csproj", "{65EC5E44-6539-4E37-AF49-0CC9F51E1468}"
EndProject
Project("{9A19103F-16F7-4668-BE54-9A1E7A4F7556}") = "Copernicus.CorporateActions.UnitTest", "test\Copernicus.CorporateActions.UnitTest\Copernicus.CorporateActions.UnitTest.csproj", "{5232F39D-9815-4B88-87F8-521F96EF041A}"
EndProject
Project("{9A19103F-16F7-4668-BE54-9A1E7A4F7556}") = "Copernicus.Pricing.UnitTest", "test\Copernicus.Pricing.UnitTest\Copernicus.Pricing.UnitTest.csproj", "{0AF48860-B250-42A2-9FE5-A2F803FFCA6D}"
EndProject
Project("{2150E333-8FDC-42A3-9474-1A3956D46DE8}") = "Modules", "Modules", "{22E5703B-616A-496D-B92E-02D2BB6DE640}"
EndProject
Project("{FAE04EC0-301F-11D3-BF4B-00C04F79EFBC}") = "Copernicus.Core.Wpf", "src\Copernicus.Core.Wpf\Copernicus.Core.Wpf.csproj", "{1E2C5621-A0E5-464B-92C5-E175D0D72DA7}"
EndProject
Global
	GlobalSection(SolutionConfigurationPlatforms) = preSolution
		Debug|Any CPU = Debug|Any CPU
		Release|Any CPU = Release|Any CPU
	EndGlobalSection
	GlobalSection(ProjectConfigurationPlatforms) = postSolution
		{4D56A38E-7F29-4017-BEA7-A62C440087CB}.Debug|Any CPU.ActiveCfg = Debug|Any CPU
		{4D56A38E-7F29-4017-BEA7-A62C440087CB}.Debug|Any CPU.Build.0 = Debug|Any CPU
		{4D56A38E-7F29-4017-BEA7-A62C440087CB}.Release|Any CPU.ActiveCfg = Release|Any CPU
		{4D56A38E-7F29-4017-BEA7-A62C440087CB}.Release|Any CPU.Build.0 = Release|Any CPU
		{21D81F25-9E67-4781-9131-4816E46AEF4F}.Debug|Any CPU.ActiveCfg = Debug|Any CPU
		{21D81F25-9E67-4781-9131-4816E46AEF4F}.Debug|Any CPU.Build.0 = Debug|Any CPU
		{21D81F25-9E67-4781-9131-4816E46AEF4F}.Release|Any CPU.ActiveCfg = Release|Any CPU
		{21D81F25-9E67-4781-9131-4816E46AEF4F}.Release|Any CPU.Build.0 = Release|Any CPU
		{C4BE8EC3-AEA0-4002-A398-1A56D6C64A95}.Debug|Any CPU.ActiveCfg = Debug|Any CPU
		{C4BE8EC3-AEA0-4002-A398-1A56D6C64A95}.Debug|Any CPU.Build.0 = Debug|Any CPU
		{C4BE8EC3-AEA0-4002-A398-1A56D6C64A95}.Release|Any CPU.ActiveCfg = Release|Any CPU
		{C4BE8EC3-AEA0-4002-A398-1A56D6C64A95}.Release|Any CPU.Build.0 = Release|Any CPU
		{14921818-9DE1-46E9-9043-905772688F33}.Debug|Any CPU.ActiveCfg = Debug|Any CPU
		{14921818-9DE1-46E9-9043-905772688F33}.Debug|Any CPU.Build.0 = Debug|Any CPU
		{14921818-9DE1-46E9-9043-905772688F33}.Release|Any CPU.ActiveCfg = Release|Any CPU
		{14921818-9DE1-46E9-9043-905772688F33}.Release|Any CPU.Build.0 = Release|Any CPU
		{5F66B0F0-A468-4088-B4E2-94358B1AC3AF}.Debug|Any CPU.ActiveCfg = Debug|Any CPU
		{5F66B0F0-A468-4088-B4E2-94358B1AC3AF}.Debug|Any CPU.Build.0 = Debug|Any CPU
		{5F66B0F0-A468-4088-B4E2-94358B1AC3AF}.Release|Any CPU.ActiveCfg = Release|Any CPU
		{5F66B0F0-A468-4088-B4E2-94358B1AC3AF}.Release|Any CPU.Build.0 = Release|Any CPU
		{64AA781D-DC1E-4FE5-A8E2-F4EC39618B03}.Debug|Any CPU.ActiveCfg = Debug|Any CPU
		{64AA781D-DC1E-4FE5-A8E2-F4EC39618B03}.Debug|Any CPU.Build.0 = Debug|Any CPU
		{64AA781D-DC1E-4FE5-A8E2-F4EC39618B03}.Release|Any CPU.ActiveCfg = Release|Any CPU
		{64AA781D-DC1E-4FE5-A8E2-F4EC39618B03}.Release|Any CPU.Build.0 = Release|Any CPU
		{65EC5E44-6539-4E37-AF49-0CC9F51E1468}.Debug|Any CPU.ActiveCfg = Debug|Any CPU
		{65EC5E44-6539-4E37-AF49-0CC9F51E1468}.Debug|Any CPU.Build.0 = Debug|Any CPU
		{65EC5E44-6539-4E37-AF49-0CC9F51E1468}.Release|Any CPU.ActiveCfg = Release|Any CPU
		{65EC5E44-6539-4E37-AF49-0CC9F51E1468}.Release|Any CPU.Build.0 = Release|Any CPU
		{5232F39D-9815-4B88-87F8-521F96EF041A}.Debug|Any CPU.ActiveCfg = Debug|Any CPU
		{5232F39D-9815-4B88-87F8-521F96EF041A}.Debug|Any CPU.Build.0 = Debug|Any CPU
		{5232F39D-9815-4B88-87F8-521F96EF041A}.Release|Any CPU.ActiveCfg = Release|Any CPU
		{5232F39D-9815-4B88-87F8-521F96EF041A}.Release|Any CPU.Build.0 = Release|Any CPU
		{0AF48860-B250-42A2-9FE5-A2F803FFCA6D}.Debug|Any CPU.ActiveCfg = Debug|Any CPU
		{0AF48860-B250-42A2-9FE5-A2F803FFCA6D}.Debug|Any CPU.Build.0 = Debug|Any CPU
		{0AF48860-B250-42A2-9FE5-A2F803FFCA6D}.Release|Any CPU.ActiveCfg = Release|Any CPU
		{0AF48860-B250-42A2-9FE5-A2F803FFCA6D}.Release|Any CPU.Build.0 = Release|Any CPU
		{1E2C5621-A0E5-464B-92C5-E175D0D72DA7}.Debug|Any CPU.ActiveCfg = Debug|Any CPU
		{1E2C5621-A0E5-464B-92C5-E175D0D72DA7}.Debug|Any CPU.Build.0 = Debug|Any CPU
		{1E2C5621-A0E5-464B-92C5-E175D0D72DA7}.Release|Any CPU.ActiveCfg = Release|Any CPU
		{1E2C5621-A0E5-464B-92C5-E175D0D72DA7}.Release|Any CPU.Build.0 = Release|Any CPU
	EndGlobalSection
	GlobalSection(SolutionProperties) = preSolution
		HideSolutionNode = FALSE
	EndGlobalSection
	GlobalSection(NestedProjects) = preSolution
		{4D56A38E-7F29-4017-BEA7-A62C440087CB} = {F5D9E5AC-4946-4DFD-A7BC-2E6C00DB70B1}
		{21D81F25-9E67-4781-9131-4816E46AEF4F} = {F5D9E5AC-4946-4DFD-A7BC-2E6C00DB70B1}
		{C4BE8EC3-AEA0-4002-A398-1A56D6C64A95} = {22E5703B-616A-496D-B92E-02D2BB6DE640}
		{14921818-9DE1-46E9-9043-905772688F33} = {22E5703B-616A-496D-B92E-02D2BB6DE640}
		{5F66B0F0-A468-4088-B4E2-94358B1AC3AF} = {22E5703B-616A-496D-B92E-02D2BB6DE640}
		{64AA781D-DC1E-4FE5-A8E2-F4EC39618B03} = {DC97D27F-102C-43BE-86C2-9D5252B693B0}
		{65EC5E44-6539-4E37-AF49-0CC9F51E1468} = {DC97D27F-102C-43BE-86C2-9D5252B693B0}
		{5232F39D-9815-4B88-87F8-521F96EF041A} = {DC97D27F-102C-43BE-86C2-9D5252B693B0}
		{0AF48860-B250-42A2-9FE5-A2F803FFCA6D} = {DC97D27F-102C-43BE-86C2-9D5252B693B0}
		{22E5703B-616A-496D-B92E-02D2BB6DE640} = {F5D9E5AC-4946-4DFD-A7BC-2E6C00DB70B1}
		{1E2C5621-A0E5-464B-92C5-E175D0D72DA7} = {F5D9E5AC-4946-4DFD-A7BC-2E6C00DB70B1}
	EndGlobalSection
	GlobalSection(ExtensibilityGlobals) = postSolution
		SolutionGuid = {6AE92A05-8C69-4A22-8595-BD70A43DC5AD}
	EndGlobalSection
EndGlobal
